// !$*UTF8*$!
{
	archiveVersion = 1;
	classes = {
	};
	objectVersion = 51;
	objects = {

/* Begin PBXBuildFile section */
		240CFAD42325986600D3F17F /* NewMenuViewController.swift in Sources */ = {isa = PBXBuildFile; fileRef = 240CFAD32325986600D3F17F /* NewMenuViewController.swift */; };
		240CFAD623259A2D00D3F17F /* NewMenuTableViewCell.swift in Sources */ = {isa = PBXBuildFile; fileRef = 240CFAD523259A2D00D3F17F /* NewMenuTableViewCell.swift */; };
		2419E2BC231B47B500BA99D5 /* DateViewController.swift in Sources */ = {isa = PBXBuildFile; fileRef = 2419E2BB231B47B500BA99D5 /* DateViewController.swift */; };
		2419E2BE231B523200BA99D5 /* DateTableViewCell.swift in Sources */ = {isa = PBXBuildFile; fileRef = 2419E2BD231B523200BA99D5 /* DateTableViewCell.swift */; };
		241D1D3B22E39ADE00EC2EF3 /* CreateAccountVC.swift in Sources */ = {isa = PBXBuildFile; fileRef = 241D1D3A22E39ADE00EC2EF3 /* CreateAccountVC.swift */; };
		241D1D3D22E418E200EC2EF3 /* LookupVC.swift in Sources */ = {isa = PBXBuildFile; fileRef = 241D1D3C22E418E200EC2EF3 /* LookupVC.swift */; };
		2422369622E4EFA300CCF805 /* GoogleService-Info.plist in Resources */ = {isa = PBXBuildFile; fileRef = 2422369522E4EFA200CCF805 /* GoogleService-Info.plist */; };
		242DB5952327144900EA9004 /* PatientLocationViewController.swift in Sources */ = {isa = PBXBuildFile; fileRef = 242DB5942327144900EA9004 /* PatientLocationViewController.swift */; };
		242E22D722ED867B00EDD730 /* DoctorListVC.swift in Sources */ = {isa = PBXBuildFile; fileRef = 242E22D622ED867B00EDD730 /* DoctorListVC.swift */; };
		243EF9BA22D7D74C0067E2CC /* AppDelegate.swift in Sources */ = {isa = PBXBuildFile; fileRef = 243EF9B922D7D74C0067E2CC /* AppDelegate.swift */; };
		243EF9BC22D7D74C0067E2CC /* ViewController.swift in Sources */ = {isa = PBXBuildFile; fileRef = 243EF9BB22D7D74C0067E2CC /* ViewController.swift */; };
		243EF9BF22D7D74C0067E2CC /* Main.storyboard in Resources */ = {isa = PBXBuildFile; fileRef = 243EF9BD22D7D74C0067E2CC /* Main.storyboard */; };
		243EF9C122D7D74E0067E2CC /* Assets.xcassets in Resources */ = {isa = PBXBuildFile; fileRef = 243EF9C022D7D74E0067E2CC /* Assets.xcassets */; };
		243EF9C422D7D74E0067E2CC /* LaunchScreen.storyboard in Resources */ = {isa = PBXBuildFile; fileRef = 243EF9C222D7D74E0067E2CC /* LaunchScreen.storyboard */; };
		2444211C22EDB15F0088A545 /* SlidingViewVC.swift in Sources */ = {isa = PBXBuildFile; fileRef = 2444211B22EDB15F0088A545 /* SlidingViewVC.swift */; };
		2458C081231A07D0003234FE /* PatientViewController.swift in Sources */ = {isa = PBXBuildFile; fileRef = 2458C080231A07CF003234FE /* PatientViewController.swift */; };
		2458D60E22E23E010020EA39 /* MainMenu_VC.swift in Sources */ = {isa = PBXBuildFile; fileRef = 2458D60D22E23E010020EA39 /* MainMenu_VC.swift */; };
		2467E1632301039B00689EB7 /* FeedbackVC.swift in Sources */ = {isa = PBXBuildFile; fileRef = 2467E1622301039B00689EB7 /* FeedbackVC.swift */; };
		246BE68522E8432500638BF8 /* BroadcastLocationViewController.swift in Sources */ = {isa = PBXBuildFile; fileRef = 246BE68422E8432500638BF8 /* BroadcastLocationViewController.swift */; };
		248CAE5223188E8000ADF0CF /* PatientTableViewCell.swift in Sources */ = {isa = PBXBuildFile; fileRef = 248CAE5123188E8000ADF0CF /* PatientTableViewCell.swift */; };
		2490B74D22F61FED00E5B8CA /* BarChartVC.swift in Sources */ = {isa = PBXBuildFile; fileRef = 2490B74C22F61FED00E5B8CA /* BarChartVC.swift */; };
		24B153F222E437AA00FF2452 /* DisplayAccVC.swift in Sources */ = {isa = PBXBuildFile; fileRef = 24B153F122E437AA00FF2452 /* DisplayAccVC.swift */; };
		24B153F422E4661000FF2452 /* ConfirmCreateAccVC.swift in Sources */ = {isa = PBXBuildFile; fileRef = 24B153F322E4660F00FF2452 /* ConfirmCreateAccVC.swift */; };
		24DA2D11231C71810077229B /* DetailTableViewCell.swift in Sources */ = {isa = PBXBuildFile; fileRef = 24DA2D10231C71810077229B /* DetailTableViewCell.swift */; };
		24DA2D13231C71950077229B /* DetailViewController.swift in Sources */ = {isa = PBXBuildFile; fileRef = 24DA2D12231C71950077229B /* DetailViewController.swift */; };
		C95007EABC3557B04AB16DF1 /* Pods_Dante_Staff.framework in Frameworks */ = {isa = PBXBuildFile; fileRef = B2B44B7E979D6A0F42CD7507 /* Pods_Dante_Staff.framework */; };
		DB225CA72327354D0048D14E /* PatientPinViewController.swift in Sources */ = {isa = PBXBuildFile; fileRef = DB225CA62327354D0048D14E /* PatientPinViewController.swift */; };
		DB225CA92327356B0048D14E /* PatientPinTableViewCell.swift in Sources */ = {isa = PBXBuildFile; fileRef = DB225CA82327356B0048D14E /* PatientPinTableViewCell.swift */; };
		DB568A7B22E96076000E1B2C /* extensions.swift in Sources */ = {isa = PBXBuildFile; fileRef = DB568A7A22E96076000E1B2C /* extensions.swift */; };
/* End PBXBuildFile section */

/* Begin PBXFileReference section */
		240CFAD32325986600D3F17F /* NewMenuViewController.swift */ = {isa = PBXFileReference; lastKnownFileType = sourcecode.swift; path = NewMenuViewController.swift; sourceTree = "<group>"; };
		240CFAD523259A2D00D3F17F /* NewMenuTableViewCell.swift */ = {isa = PBXFileReference; lastKnownFileType = sourcecode.swift; path = NewMenuTableViewCell.swift; sourceTree = "<group>"; };
		2419E2BB231B47B500BA99D5 /* DateViewController.swift */ = {isa = PBXFileReference; lastKnownFileType = sourcecode.swift; path = DateViewController.swift; sourceTree = "<group>"; };
		2419E2BD231B523200BA99D5 /* DateTableViewCell.swift */ = {isa = PBXFileReference; lastKnownFileType = sourcecode.swift; path = DateTableViewCell.swift; sourceTree = "<group>"; };
		241D1D3A22E39ADE00EC2EF3 /* CreateAccountVC.swift */ = {isa = PBXFileReference; lastKnownFileType = sourcecode.swift; path = CreateAccountVC.swift; sourceTree = "<group>"; };
		241D1D3C22E418E200EC2EF3 /* LookupVC.swift */ = {isa = PBXFileReference; lastKnownFileType = sourcecode.swift; path = LookupVC.swift; sourceTree = "<group>"; };
		2422369522E4EFA200CCF805 /* GoogleService-Info.plist */ = {isa = PBXFileReference; fileEncoding = 4; lastKnownFileType = text.plist.xml; path = "GoogleService-Info.plist"; sourceTree = "<group>"; };
		242DB5942327144900EA9004 /* PatientLocationViewController.swift */ = {isa = PBXFileReference; lastKnownFileType = sourcecode.swift; path = PatientLocationViewController.swift; sourceTree = "<group>"; };
		242E22D622ED867B00EDD730 /* DoctorListVC.swift */ = {isa = PBXFileReference; lastKnownFileType = sourcecode.swift; path = DoctorListVC.swift; sourceTree = "<group>"; };
		243EF9B622D7D74C0067E2CC /* Dante Staff.app */ = {isa = PBXFileReference; explicitFileType = wrapper.application; includeInIndex = 0; path = "Dante Staff.app"; sourceTree = BUILT_PRODUCTS_DIR; };
		243EF9B922D7D74C0067E2CC /* AppDelegate.swift */ = {isa = PBXFileReference; lastKnownFileType = sourcecode.swift; path = AppDelegate.swift; sourceTree = "<group>"; };
		243EF9BB22D7D74C0067E2CC /* ViewController.swift */ = {isa = PBXFileReference; lastKnownFileType = sourcecode.swift; path = ViewController.swift; sourceTree = "<group>"; };
		243EF9BE22D7D74C0067E2CC /* Base */ = {isa = PBXFileReference; lastKnownFileType = file.storyboard; name = Base; path = Base.lproj/Main.storyboard; sourceTree = "<group>"; };
		243EF9C022D7D74E0067E2CC /* Assets.xcassets */ = {isa = PBXFileReference; lastKnownFileType = folder.assetcatalog; path = Assets.xcassets; sourceTree = "<group>"; };
		243EF9C322D7D74E0067E2CC /* Base */ = {isa = PBXFileReference; lastKnownFileType = file.storyboard; name = Base; path = Base.lproj/LaunchScreen.storyboard; sourceTree = "<group>"; };
		243EF9C522D7D74E0067E2CC /* Info.plist */ = {isa = PBXFileReference; lastKnownFileType = text.plist.xml; path = Info.plist; sourceTree = "<group>"; };
		2444211B22EDB15F0088A545 /* SlidingViewVC.swift */ = {isa = PBXFileReference; lastKnownFileType = sourcecode.swift; path = SlidingViewVC.swift; sourceTree = "<group>"; };
		2458C080231A07CF003234FE /* PatientViewController.swift */ = {isa = PBXFileReference; lastKnownFileType = sourcecode.swift; path = PatientViewController.swift; sourceTree = "<group>"; };
		2458D60D22E23E010020EA39 /* MainMenu_VC.swift */ = {isa = PBXFileReference; lastKnownFileType = sourcecode.swift; path = MainMenu_VC.swift; sourceTree = "<group>"; };
		2467E1622301039B00689EB7 /* FeedbackVC.swift */ = {isa = PBXFileReference; lastKnownFileType = sourcecode.swift; path = FeedbackVC.swift; sourceTree = "<group>"; };
		246BE68322E828B900638BF8 /* DanteStaff-Bridging-Header.h */ = {isa = PBXFileReference; lastKnownFileType = sourcecode.c.h; path = "DanteStaff-Bridging-Header.h"; sourceTree = "<group>"; };
		246BE68422E8432500638BF8 /* BroadcastLocationViewController.swift */ = {isa = PBXFileReference; lastKnownFileType = sourcecode.swift; path = BroadcastLocationViewController.swift; sourceTree = "<group>"; };
		246BE68622E863DC00638BF8 /* Dante Staff.entitlements */ = {isa = PBXFileReference; lastKnownFileType = text.plist.entitlements; path = "Dante Staff.entitlements"; sourceTree = "<group>"; };
		248CAE5123188E8000ADF0CF /* PatientTableViewCell.swift */ = {isa = PBXFileReference; lastKnownFileType = sourcecode.swift; path = PatientTableViewCell.swift; sourceTree = "<group>"; };
		2490B74C22F61FED00E5B8CA /* BarChartVC.swift */ = {isa = PBXFileReference; lastKnownFileType = sourcecode.swift; path = BarChartVC.swift; sourceTree = "<group>"; };
		24B153F122E437AA00FF2452 /* DisplayAccVC.swift */ = {isa = PBXFileReference; lastKnownFileType = sourcecode.swift; path = DisplayAccVC.swift; sourceTree = "<group>"; };
		24B153F322E4660F00FF2452 /* ConfirmCreateAccVC.swift */ = {isa = PBXFileReference; lastKnownFileType = sourcecode.swift; path = ConfirmCreateAccVC.swift; sourceTree = "<group>"; };
		24DA2D10231C71810077229B /* DetailTableViewCell.swift */ = {isa = PBXFileReference; lastKnownFileType = sourcecode.swift; path = DetailTableViewCell.swift; sourceTree = "<group>"; };
		24DA2D12231C71950077229B /* DetailViewController.swift */ = {isa = PBXFileReference; lastKnownFileType = sourcecode.swift; path = DetailViewController.swift; sourceTree = "<group>"; };
		649497D397F76F320AD04F58 /* Pods-Dante Staff.release.xcconfig */ = {isa = PBXFileReference; includeInIndex = 1; lastKnownFileType = text.xcconfig; name = "Pods-Dante Staff.release.xcconfig"; path = "Target Support Files/Pods-Dante Staff/Pods-Dante Staff.release.xcconfig"; sourceTree = "<group>"; };
		B2B44B7E979D6A0F42CD7507 /* Pods_Dante_Staff.framework */ = {isa = PBXFileReference; explicitFileType = wrapper.framework; includeInIndex = 0; path = Pods_Dante_Staff.framework; sourceTree = BUILT_PRODUCTS_DIR; };
		B89C84FD7C00B60088B7698D /* Pods-Dante Staff.debug.xcconfig */ = {isa = PBXFileReference; includeInIndex = 1; lastKnownFileType = text.xcconfig; name = "Pods-Dante Staff.debug.xcconfig"; path = "Target Support Files/Pods-Dante Staff/Pods-Dante Staff.debug.xcconfig"; sourceTree = "<group>"; };
		DB225CA62327354D0048D14E /* PatientPinViewController.swift */ = {isa = PBXFileReference; lastKnownFileType = sourcecode.swift; path = PatientPinViewController.swift; sourceTree = "<group>"; };
		DB225CA82327356B0048D14E /* PatientPinTableViewCell.swift */ = {isa = PBXFileReference; lastKnownFileType = sourcecode.swift; path = PatientPinTableViewCell.swift; sourceTree = "<group>"; };
		DB568A7A22E96076000E1B2C /* extensions.swift */ = {isa = PBXFileReference; lastKnownFileType = sourcecode.swift; path = extensions.swift; sourceTree = "<group>"; };
/* End PBXFileReference section */

/* Begin PBXFrameworksBuildPhase section */
		243EF9B322D7D74C0067E2CC /* Frameworks */ = {
			isa = PBXFrameworksBuildPhase;
			buildActionMask = 2147483647;
			files = (
				C95007EABC3557B04AB16DF1 /* Pods_Dante_Staff.framework in Frameworks */,
			);
			runOnlyForDeploymentPostprocessing = 0;
		};
/* End PBXFrameworksBuildPhase section */

/* Begin PBXGroup section */
		2404DCB722F63DED00B96AD3 /* Charts */ = {
			isa = PBXGroup;
			children = (
				2490B74C22F61FED00E5B8CA /* BarChartVC.swift */,
			);
			name = Charts;
			sourceTree = "<group>";
		};
		240CFAD723259A3200D3F17F /* NewMenuTableView */ = {
			isa = PBXGroup;
			children = (
				240CFAD523259A2D00D3F17F /* NewMenuTableViewCell.swift */,
				240CFAD32325986600D3F17F /* NewMenuViewController.swift */,
			);
			path = NewMenuTableView;
			sourceTree = "<group>";
		};
		2419E2BA231B380E00BA99D5 /* DisplayAllPatients */ = {
			isa = PBXGroup;
			children = (
				248CAE5123188E8000ADF0CF /* PatientTableViewCell.swift */,
				2458C080231A07CF003234FE /* PatientViewController.swift */,
			);
			path = DisplayAllPatients;
			sourceTree = "<group>";
		};
		243EF9AD22D7D74C0067E2CC = {
			isa = PBXGroup;
			children = (
				243EF9B822D7D74C0067E2CC /* Dante Staff */,
				243EF9B722D7D74C0067E2CC /* Products */,
				D6C4EB446B5D6D5A62DB4469 /* Pods */,
				8407869EF48BEC6D602C2E86 /* Frameworks */,
			);
			sourceTree = "<group>";
		};
		243EF9B722D7D74C0067E2CC /* Products */ = {
			isa = PBXGroup;
			children = (
				243EF9B622D7D74C0067E2CC /* Dante Staff.app */,
			);
			name = Products;
			sourceTree = "<group>";
		};
		243EF9B822D7D74C0067E2CC /* Dante Staff */ = {
			isa = PBXGroup;
			children = (
				243EF9B922D7D74C0067E2CC /* AppDelegate.swift */,
				246BE68622E863DC00638BF8 /* Dante Staff.entitlements */,
				246BE68322E828B900638BF8 /* DanteStaff-Bridging-Header.h */,
				2467E1642301039E00689EB7 /* Feedback */,
				2458445022F65C5E000775AC /* Login */,
				2458444B22F65BFA000775AC /* CreatePatientAccount */,
				2458444E22F65C3A000775AC /* MainMenu */,
				240CFAD723259A3200D3F17F /* NewMenuTableView */,
				2458444C22F65C11000775AC /* LookUpPatient */,
				2458444D22F65C2C000775AC /* BroadcastLocation */,
				2404DCB722F63DED00B96AD3 /* Charts */,
				2458444922F65BBB000775AC /* Drawer */,
				2458444A22F65BE0000775AC /* FloatingPanel */,
				243EF9C022D7D74E0067E2CC /* Assets.xcassets */,
				243EF9BD22D7D74C0067E2CC /* Main.storyboard */,
				243EF9C222D7D74E0067E2CC /* LaunchScreen.storyboard */,
				DBA765C9232716730079CAAA /* Patient Location */,
				248CAE552319AE9900ADF0CF /* PatientStatistics */,
				DB568A7A22E96076000E1B2C /* extensions.swift */,
				243EF9C522D7D74E0067E2CC /* Info.plist */,
				2422369522E4EFA200CCF805 /* GoogleService-Info.plist */,
			);
			path = "Dante Staff";
			sourceTree = "<group>";
		};
		2458444922F65BBB000775AC /* Drawer */ = {
			isa = PBXGroup;
			children = (
				2444211B22EDB15F0088A545 /* SlidingViewVC.swift */,
			);
			name = Drawer;
			sourceTree = "<group>";
		};
		2458444A22F65BE0000775AC /* FloatingPanel */ = {
			isa = PBXGroup;
			children = (
				242E22D622ED867B00EDD730 /* DoctorListVC.swift */,
			);
			name = FloatingPanel;
			sourceTree = "<group>";
		};
		2458444B22F65BFA000775AC /* CreatePatientAccount */ = {
			isa = PBXGroup;
			children = (
				24B153F322E4660F00FF2452 /* ConfirmCreateAccVC.swift */,
				241D1D3A22E39ADE00EC2EF3 /* CreateAccountVC.swift */,
			);
			name = CreatePatientAccount;
			sourceTree = "<group>";
		};
		2458444C22F65C11000775AC /* LookUpPatient */ = {
			isa = PBXGroup;
			children = (
				241D1D3C22E418E200EC2EF3 /* LookupVC.swift */,
				24B153F122E437AA00FF2452 /* DisplayAccVC.swift */,
			);
			name = LookUpPatient;
			sourceTree = "<group>";
		};
		2458444D22F65C2C000775AC /* BroadcastLocation */ = {
			isa = PBXGroup;
			children = (
				246BE68422E8432500638BF8 /* BroadcastLocationViewController.swift */,
			);
			name = BroadcastLocation;
			sourceTree = "<group>";
		};
		2458444E22F65C3A000775AC /* MainMenu */ = {
			isa = PBXGroup;
			children = (
				2458D60D22E23E010020EA39 /* MainMenu_VC.swift */,
			);
			name = MainMenu;
			sourceTree = "<group>";
		};
		2458445022F65C5E000775AC /* Login */ = {
			isa = PBXGroup;
			children = (
				243EF9BB22D7D74C0067E2CC /* ViewController.swift */,
			);
			name = Login;
			sourceTree = "<group>";
		};
		2467E1642301039E00689EB7 /* Feedback */ = {
			isa = PBXGroup;
			children = (
				2467E1622301039B00689EB7 /* FeedbackVC.swift */,
			);
			name = Feedback;
			sourceTree = "<group>";
		};
		248CAE552319AE9900ADF0CF /* PatientStatistics */ = {
			isa = PBXGroup;
			children = (
				2419E2BA231B380E00BA99D5 /* DisplayAllPatients */,
				24DA2D0F231C715F0077229B /* DisplayDates */,
				24D49031231F08A100F334AB /* DisplayDetails */,
			);
			path = PatientStatistics;
			sourceTree = "<group>";
		};
		24D49031231F08A100F334AB /* DisplayDetails */ = {
			isa = PBXGroup;
			children = (
				24DA2D10231C71810077229B /* DetailTableViewCell.swift */,
				24DA2D12231C71950077229B /* DetailViewController.swift */,
			);
			path = DisplayDetails;
			sourceTree = "<group>";
		};
		24DA2D0F231C715F0077229B /* DisplayDates */ = {
			isa = PBXGroup;
			children = (
				2419E2BB231B47B500BA99D5 /* DateViewController.swift */,
				2419E2BD231B523200BA99D5 /* DateTableViewCell.swift */,
			);
			path = DisplayDates;
			sourceTree = "<group>";
		};
		8407869EF48BEC6D602C2E86 /* Frameworks */ = {
			isa = PBXGroup;
			children = (
				B2B44B7E979D6A0F42CD7507 /* Pods_Dante_Staff.framework */,
			);
			name = Frameworks;
			sourceTree = "<group>";
		};
		D6C4EB446B5D6D5A62DB4469 /* Pods */ = {
			isa = PBXGroup;
			children = (
				B89C84FD7C00B60088B7698D /* Pods-Dante Staff.debug.xcconfig */,
				649497D397F76F320AD04F58 /* Pods-Dante Staff.release.xcconfig */,
			);
			path = Pods;
			sourceTree = "<group>";
		};
		DBA765C9232716730079CAAA /* Patient Location */ = {
			isa = PBXGroup;
			children = (
				242DB5942327144900EA9004 /* PatientLocationViewController.swift */,
				DB225CA62327354D0048D14E /* PatientPinViewController.swift */,
				DB225CA82327356B0048D14E /* PatientPinTableViewCell.swift */,
			);
			name = "Patient Location";
			sourceTree = "<group>";
		};
/* End PBXGroup section */

/* Begin PBXNativeTarget section */
		243EF9B522D7D74C0067E2CC /* Dante Staff */ = {
			isa = PBXNativeTarget;
			buildConfigurationList = 243EF9C822D7D74E0067E2CC /* Build configuration list for PBXNativeTarget "Dante Staff" */;
			buildPhases = (
				7998AF0C9BBFB2AD43BACD7A /* [CP] Check Pods Manifest.lock */,
				243EF9B222D7D74C0067E2CC /* Sources */,
				243EF9B322D7D74C0067E2CC /* Frameworks */,
				243EF9B422D7D74C0067E2CC /* Resources */,
				BBF9E2B7C1235A6644B99E68 /* [CP] Embed Pods Frameworks */,
				24D6DC4F22FF8DDF00247510 /* ShellScript */,
			);
			buildRules = (
			);
			dependencies = (
			);
			name = "Dante Staff";
			productName = "Dante Staff";
			productReference = 243EF9B622D7D74C0067E2CC /* Dante Staff.app */;
			productType = "com.apple.product-type.application";
		};
/* End PBXNativeTarget section */

/* Begin PBXProject section */
		243EF9AE22D7D74C0067E2CC /* Project object */ = {
			isa = PBXProject;
			attributes = {
				LastSwiftUpdateCheck = 1020;
				LastUpgradeCheck = 1020;
				ORGANIZATIONNAME = "Hung Phan";
				TargetAttributes = {
					243EF9B522D7D74C0067E2CC = {
						CreatedOnToolsVersion = 10.2.1;
						SystemCapabilities = {
							com.apple.Push = {
								enabled = 1;
							};
						};
					};
				};
			};
			buildConfigurationList = 243EF9B122D7D74C0067E2CC /* Build configuration list for PBXProject "Dante Staff" */;
			compatibilityVersion = "Xcode 9.3";
			developmentRegion = en;
			hasScannedForEncodings = 0;
			knownRegions = (
				en,
				Base,
			);
			mainGroup = 243EF9AD22D7D74C0067E2CC;
			productRefGroup = 243EF9B722D7D74C0067E2CC /* Products */;
			projectDirPath = "";
			projectRoot = "";
			targets = (
				243EF9B522D7D74C0067E2CC /* Dante Staff */,
			);
		};
/* End PBXProject section */

/* Begin PBXResourcesBuildPhase section */
		243EF9B422D7D74C0067E2CC /* Resources */ = {
			isa = PBXResourcesBuildPhase;
			buildActionMask = 2147483647;
			files = (
				243EF9C422D7D74E0067E2CC /* LaunchScreen.storyboard in Resources */,
				2422369622E4EFA300CCF805 /* GoogleService-Info.plist in Resources */,
				243EF9C122D7D74E0067E2CC /* Assets.xcassets in Resources */,
				243EF9BF22D7D74C0067E2CC /* Main.storyboard in Resources */,
			);
			runOnlyForDeploymentPostprocessing = 0;
		};
/* End PBXResourcesBuildPhase section */

/* Begin PBXShellScriptBuildPhase section */
		24D6DC4F22FF8DDF00247510 /* ShellScript */ = {
			isa = PBXShellScriptBuildPhase;
			buildActionMask = 2147483647;
			files = (
			);
			inputFileListPaths = (
			);
			inputPaths = (
			);
			outputFileListPaths = (
			);
			outputPaths = (
			);
			runOnlyForDeploymentPostprocessing = 0;
			shellPath = /bin/sh;
			shellScript = "custom_sim=`xcrun simctl list | grep 'Custom Simulators' | awk -F'[()]' '{print $2}'`\nif [ ! -z \"${custom_sim}\" ] && [ \"${TARGET_DEVICE_IDENTIFIER}\" = \"${custom_sim}\" ]; then\n/bin/sh multipleSimulatorsStartup.sh\nfi\n";
		};
		7998AF0C9BBFB2AD43BACD7A /* [CP] Check Pods Manifest.lock */ = {
			isa = PBXShellScriptBuildPhase;
			buildActionMask = 2147483647;
			files = (
			);
			inputFileListPaths = (
			);
			inputPaths = (
				"${PODS_PODFILE_DIR_PATH}/Podfile.lock",
				"${PODS_ROOT}/Manifest.lock",
			);
			name = "[CP] Check Pods Manifest.lock";
			outputFileListPaths = (
			);
			outputPaths = (
				"$(DERIVED_FILE_DIR)/Pods-Dante Staff-checkManifestLockResult.txt",
			);
			runOnlyForDeploymentPostprocessing = 0;
			shellPath = /bin/sh;
			shellScript = "diff \"${PODS_PODFILE_DIR_PATH}/Podfile.lock\" \"${PODS_ROOT}/Manifest.lock\" > /dev/null\nif [ $? != 0 ] ; then\n    # print error to STDERR\n    echo \"error: The sandbox is not in sync with the Podfile.lock. Run 'pod install' or update your CocoaPods installation.\" >&2\n    exit 1\nfi\n# This output is used by Xcode 'outputs' to avoid re-running this script phase.\necho \"SUCCESS\" > \"${SCRIPT_OUTPUT_FILE_0}\"\n";
			showEnvVarsInLog = 0;
		};
		BBF9E2B7C1235A6644B99E68 /* [CP] Embed Pods Frameworks */ = {
			isa = PBXShellScriptBuildPhase;
			buildActionMask = 2147483647;
			files = (
			);
			inputFileListPaths = (
				"${PODS_ROOT}/Target Support Files/Pods-Dante Staff/Pods-Dante Staff-frameworks-${CONFIGURATION}-input-files.xcfilelist",
			);
			name = "[CP] Embed Pods Frameworks";
			outputFileListPaths = (
				"${PODS_ROOT}/Target Support Files/Pods-Dante Staff/Pods-Dante Staff-frameworks-${CONFIGURATION}-output-files.xcfilelist",
			);
			runOnlyForDeploymentPostprocessing = 0;
			shellPath = /bin/sh;
			shellScript = "\"${PODS_ROOT}/Target Support Files/Pods-Dante Staff/Pods-Dante Staff-frameworks.sh\"\n";
			showEnvVarsInLog = 0;
		};
/* End PBXShellScriptBuildPhase section */

/* Begin PBXSourcesBuildPhase section */
		243EF9B222D7D74C0067E2CC /* Sources */ = {
			isa = PBXSourcesBuildPhase;
			buildActionMask = 2147483647;
			files = (
				24DA2D11231C71810077229B /* DetailTableViewCell.swift in Sources */,
				24B153F422E4661000FF2452 /* ConfirmCreateAccVC.swift in Sources */,
				DB225CA72327354D0048D14E /* PatientPinViewController.swift in Sources */,
				243EF9BC22D7D74C0067E2CC /* ViewController.swift in Sources */,
				2419E2BE231B523200BA99D5 /* DateTableViewCell.swift in Sources */,
				241D1D3D22E418E200EC2EF3 /* LookupVC.swift in Sources */,
				246BE68522E8432500638BF8 /* BroadcastLocationViewController.swift in Sources */,
				2419E2BC231B47B500BA99D5 /* DateViewController.swift in Sources */,
				242DB5952327144900EA9004 /* PatientLocationViewController.swift in Sources */,
				2467E1632301039B00689EB7 /* FeedbackVC.swift in Sources */,
				2458D60E22E23E010020EA39 /* MainMenu_VC.swift in Sources */,
				2444211C22EDB15F0088A545 /* SlidingViewVC.swift in Sources */,
				24DA2D13231C71950077229B /* DetailViewController.swift in Sources */,
				242E22D722ED867B00EDD730 /* DoctorListVC.swift in Sources */,
				DB568A7B22E96076000E1B2C /* extensions.swift in Sources */,
				DB225CA92327356B0048D14E /* PatientPinTableViewCell.swift in Sources */,
				2458C081231A07D0003234FE /* PatientViewController.swift in Sources */,
				248CAE5223188E8000ADF0CF /* PatientTableViewCell.swift in Sources */,
				2490B74D22F61FED00E5B8CA /* BarChartVC.swift in Sources */,
				240CFAD42325986600D3F17F /* NewMenuViewController.swift in Sources */,
				241D1D3B22E39ADE00EC2EF3 /* CreateAccountVC.swift in Sources */,
				243EF9BA22D7D74C0067E2CC /* AppDelegate.swift in Sources */,
				24B153F222E437AA00FF2452 /* DisplayAccVC.swift in Sources */,
				240CFAD623259A2D00D3F17F /* NewMenuTableViewCell.swift in Sources */,
			);
			runOnlyForDeploymentPostprocessing = 0;
		};
/* End PBXSourcesBuildPhase section */

/* Begin PBXVariantGroup section */
		243EF9BD22D7D74C0067E2CC /* Main.storyboard */ = {
			isa = PBXVariantGroup;
			children = (
				243EF9BE22D7D74C0067E2CC /* Base */,
			);
			name = Main.storyboard;
			sourceTree = "<group>";
		};
		243EF9C222D7D74E0067E2CC /* LaunchScreen.storyboard */ = {
			isa = PBXVariantGroup;
			children = (
				243EF9C322D7D74E0067E2CC /* Base */,
			);
			name = LaunchScreen.storyboard;
			sourceTree = "<group>";
		};
/* End PBXVariantGroup section */

/* Begin XCBuildConfiguration section */
		243EF9C622D7D74E0067E2CC /* Debug */ = {
			isa = XCBuildConfiguration;
			buildSettings = {
				ALWAYS_SEARCH_USER_PATHS = NO;
				CLANG_ANALYZER_NONNULL = YES;
				CLANG_ANALYZER_NUMBER_OBJECT_CONVERSION = YES_AGGRESSIVE;
				CLANG_CXX_LANGUAGE_STANDARD = "gnu++14";
				CLANG_CXX_LIBRARY = "libc++";
				CLANG_ENABLE_MODULES = YES;
				CLANG_ENABLE_OBJC_ARC = YES;
				CLANG_ENABLE_OBJC_WEAK = YES;
				CLANG_WARN_BLOCK_CAPTURE_AUTORELEASING = YES;
				CLANG_WARN_BOOL_CONVERSION = YES;
				CLANG_WARN_COMMA = YES;
				CLANG_WARN_CONSTANT_CONVERSION = YES;
				CLANG_WARN_DEPRECATED_OBJC_IMPLEMENTATIONS = YES;
				CLANG_WARN_DIRECT_OBJC_ISA_USAGE = YES_ERROR;
				CLANG_WARN_DOCUMENTATION_COMMENTS = YES;
				CLANG_WARN_EMPTY_BODY = YES;
				CLANG_WARN_ENUM_CONVERSION = YES;
				CLANG_WARN_INFINITE_RECURSION = YES;
				CLANG_WARN_INT_CONVERSION = YES;
				CLANG_WARN_NON_LITERAL_NULL_CONVERSION = YES;
				CLANG_WARN_OBJC_IMPLICIT_RETAIN_SELF = YES;
				CLANG_WARN_OBJC_LITERAL_CONVERSION = YES;
				CLANG_WARN_OBJC_ROOT_CLASS = YES_ERROR;
				CLANG_WARN_RANGE_LOOP_ANALYSIS = YES;
				CLANG_WARN_STRICT_PROTOTYPES = YES;
				CLANG_WARN_SUSPICIOUS_MOVE = YES;
				CLANG_WARN_UNGUARDED_AVAILABILITY = YES_AGGRESSIVE;
				CLANG_WARN_UNREACHABLE_CODE = YES;
				CLANG_WARN__DUPLICATE_METHOD_MATCH = YES;
				CODE_SIGN_IDENTITY = "iPhone Developer";
				COPY_PHASE_STRIP = NO;
				DEBUG_INFORMATION_FORMAT = dwarf;
				ENABLE_STRICT_OBJC_MSGSEND = YES;
				ENABLE_TESTABILITY = YES;
				GCC_C_LANGUAGE_STANDARD = gnu11;
				GCC_DYNAMIC_NO_PIC = NO;
				GCC_NO_COMMON_BLOCKS = YES;
				GCC_OPTIMIZATION_LEVEL = 0;
				GCC_PREPROCESSOR_DEFINITIONS = (
					"DEBUG=1",
					"$(inherited)",
				);
				GCC_WARN_64_TO_32_BIT_CONVERSION = YES;
				GCC_WARN_ABOUT_RETURN_TYPE = YES_ERROR;
				GCC_WARN_UNDECLARED_SELECTOR = YES;
				GCC_WARN_UNINITIALIZED_AUTOS = YES_AGGRESSIVE;
				GCC_WARN_UNUSED_FUNCTION = YES;
				GCC_WARN_UNUSED_VARIABLE = YES;
				IPHONEOS_DEPLOYMENT_TARGET = 12.2;
				MTL_ENABLE_DEBUG_INFO = INCLUDE_SOURCE;
				MTL_FAST_MATH = YES;
				ONLY_ACTIVE_ARCH = YES;
				SDKROOT = iphoneos;
				SWIFT_ACTIVE_COMPILATION_CONDITIONS = DEBUG;
				SWIFT_OPTIMIZATION_LEVEL = "-Onone";
			};
			name = Debug;
		};
		243EF9C722D7D74E0067E2CC /* Release */ = {
			isa = XCBuildConfiguration;
			buildSettings = {
				ALWAYS_SEARCH_USER_PATHS = NO;
				CLANG_ANALYZER_NONNULL = YES;
				CLANG_ANALYZER_NUMBER_OBJECT_CONVERSION = YES_AGGRESSIVE;
				CLANG_CXX_LANGUAGE_STANDARD = "gnu++14";
				CLANG_CXX_LIBRARY = "libc++";
				CLANG_ENABLE_MODULES = YES;
				CLANG_ENABLE_OBJC_ARC = YES;
				CLANG_ENABLE_OBJC_WEAK = YES;
				CLANG_WARN_BLOCK_CAPTURE_AUTORELEASING = YES;
				CLANG_WARN_BOOL_CONVERSION = YES;
				CLANG_WARN_COMMA = YES;
				CLANG_WARN_CONSTANT_CONVERSION = YES;
				CLANG_WARN_DEPRECATED_OBJC_IMPLEMENTATIONS = YES;
				CLANG_WARN_DIRECT_OBJC_ISA_USAGE = YES_ERROR;
				CLANG_WARN_DOCUMENTATION_COMMENTS = YES;
				CLANG_WARN_EMPTY_BODY = YES;
				CLANG_WARN_ENUM_CONVERSION = YES;
				CLANG_WARN_INFINITE_RECURSION = YES;
				CLANG_WARN_INT_CONVERSION = YES;
				CLANG_WARN_NON_LITERAL_NULL_CONVERSION = YES;
				CLANG_WARN_OBJC_IMPLICIT_RETAIN_SELF = YES;
				CLANG_WARN_OBJC_LITERAL_CONVERSION = YES;
				CLANG_WARN_OBJC_ROOT_CLASS = YES_ERROR;
				CLANG_WARN_RANGE_LOOP_ANALYSIS = YES;
				CLANG_WARN_STRICT_PROTOTYPES = YES;
				CLANG_WARN_SUSPICIOUS_MOVE = YES;
				CLANG_WARN_UNGUARDED_AVAILABILITY = YES_AGGRESSIVE;
				CLANG_WARN_UNREACHABLE_CODE = YES;
				CLANG_WARN__DUPLICATE_METHOD_MATCH = YES;
				CODE_SIGN_IDENTITY = "iPhone Developer";
				COPY_PHASE_STRIP = NO;
				DEBUG_INFORMATION_FORMAT = "dwarf-with-dsym";
				ENABLE_NS_ASSERTIONS = NO;
				ENABLE_STRICT_OBJC_MSGSEND = YES;
				GCC_C_LANGUAGE_STANDARD = gnu11;
				GCC_NO_COMMON_BLOCKS = YES;
				GCC_WARN_64_TO_32_BIT_CONVERSION = YES;
				GCC_WARN_ABOUT_RETURN_TYPE = YES_ERROR;
				GCC_WARN_UNDECLARED_SELECTOR = YES;
				GCC_WARN_UNINITIALIZED_AUTOS = YES_AGGRESSIVE;
				GCC_WARN_UNUSED_FUNCTION = YES;
				GCC_WARN_UNUSED_VARIABLE = YES;
				IPHONEOS_DEPLOYMENT_TARGET = 12.2;
				MTL_ENABLE_DEBUG_INFO = NO;
				MTL_FAST_MATH = YES;
				SDKROOT = iphoneos;
				SWIFT_COMPILATION_MODE = wholemodule;
				SWIFT_OPTIMIZATION_LEVEL = "-O";
				VALIDATE_PRODUCT = YES;
			};
			name = Release;
		};
		243EF9C922D7D74E0067E2CC /* Debug */ = {
			isa = XCBuildConfiguration;
			baseConfigurationReference = B89C84FD7C00B60088B7698D /* Pods-Dante Staff.debug.xcconfig */;
			buildSettings = {
				ASSETCATALOG_COMPILER_APPICON_NAME = AppIcon;
				CODE_SIGN_ENTITLEMENTS = "Dante Staff/Dante Staff.entitlements";
				CODE_SIGN_STYLE = Automatic;
				DEVELOPMENT_TEAM = X86U5N326S;
				INFOPLIST_FILE = "Dante Staff/Info.plist";
				LD_RUNPATH_SEARCH_PATHS = (
					"$(inherited)",
					"@executable_path/Frameworks",
				);
				PRODUCT_BUNDLE_IDENTIFIER = "com.dante-staff";
				PRODUCT_NAME = "$(TARGET_NAME)";
				SWIFT_VERSION = 5.0;
				TARGETED_DEVICE_FAMILY = 1;
			};
			name = Debug;
		};
		243EF9CA22D7D74E0067E2CC /* Release */ = {
			isa = XCBuildConfiguration;
			baseConfigurationReference = 649497D397F76F320AD04F58 /* Pods-Dante Staff.release.xcconfig */;
			buildSettings = {
				ASSETCATALOG_COMPILER_APPICON_NAME = AppIcon;
				CODE_SIGN_ENTITLEMENTS = "Dante Staff/Dante Staff.entitlements";
				CODE_SIGN_STYLE = Automatic;
				DEVELOPMENT_TEAM = X86U5N326S;
				INFOPLIST_FILE = "Dante Staff/Info.plist";
				LD_RUNPATH_SEARCH_PATHS = (
					"$(inherited)",
					"@executable_path/Frameworks",
				);
				PRODUCT_BUNDLE_IDENTIFIER = "com.dante-staff";
				PRODUCT_NAME = "$(TARGET_NAME)";
				SWIFT_VERSION = 5.0;
				TARGETED_DEVICE_FAMILY = 1;
			};
			name = Release;
		};
/* End XCBuildConfiguration section */

/* Begin XCConfigurationList section */
		243EF9B122D7D74C0067E2CC /* Build configuration list for PBXProject "Dante Staff" */ = {
			isa = XCConfigurationList;
			buildConfigurations = (
				243EF9C622D7D74E0067E2CC /* Debug */,
				243EF9C722D7D74E0067E2CC /* Release */,
			);
			defaultConfigurationIsVisible = 0;
			defaultConfigurationName = Release;
		};
		243EF9C822D7D74E0067E2CC /* Build configuration list for PBXNativeTarget "Dante Staff" */ = {
			isa = XCConfigurationList;
			buildConfigurations = (
				243EF9C922D7D74E0067E2CC /* Debug */,
				243EF9CA22D7D74E0067E2CC /* Release */,
			);
			defaultConfigurationIsVisible = 0;
			defaultConfigurationName = Release;
		};
/* End XCConfigurationList section */
	};
	rootObject = 243EF9AE22D7D74C0067E2CC /* Project object */;
}
